// !$*UTF8*$!
{
	archiveVersion = 1;
	classes = {
	};
	objectVersion = 56;
	objects = {

/* Begin PBXBuildFile section */
		4062964B2913C26900CBB2FD /* AppDelegate.swift in Sources */ = {isa = PBXBuildFile; fileRef = 4062964A2913C26900CBB2FD /* AppDelegate.swift */; };
		4062964D2913C26900CBB2FD /* SceneDelegate.swift in Sources */ = {isa = PBXBuildFile; fileRef = 4062964C2913C26900CBB2FD /* SceneDelegate.swift */; };
		4062964F2913C26900CBB2FD /* ViewController.swift in Sources */ = {isa = PBXBuildFile; fileRef = 4062964E2913C26900CBB2FD /* ViewController.swift */; };
		406296522913C26900CBB2FD /* Main.storyboard in Resources */ = {isa = PBXBuildFile; fileRef = 406296502913C26900CBB2FD /* Main.storyboard */; };
		406296542913C26B00CBB2FD /* Assets.xcassets in Resources */ = {isa = PBXBuildFile; fileRef = 406296532913C26B00CBB2FD /* Assets.xcassets */; };
		406296572913C26B00CBB2FD /* LaunchScreen.storyboard in Resources */ = {isa = PBXBuildFile; fileRef = 406296552913C26B00CBB2FD /* LaunchScreen.storyboard */; };
		406296622913C26B00CBB2FD /* LoginTests.swift in Sources */ = {isa = PBXBuildFile; fileRef = 406296612913C26B00CBB2FD /* LoginTests.swift */; };
		4062966C2913C26B00CBB2FD /* LoginUITests.swift in Sources */ = {isa = PBXBuildFile; fileRef = 4062966B2913C26B00CBB2FD /* LoginUITests.swift */; };
		4062966E2913C26B00CBB2FD /* LoginUITestsLaunchTests.swift in Sources */ = {isa = PBXBuildFile; fileRef = 4062966D2913C26B00CBB2FD /* LoginUITestsLaunchTests.swift */; };
		4062967B2913CAAC00CBB2FD /* homepage.swift in Sources */ = {isa = PBXBuildFile; fileRef = 4062967A2913CAAC00CBB2FD /* homepage.swift */; };
/* End PBXBuildFile section */

/* Begin PBXContainerItemProxy section */
		4062965E2913C26B00CBB2FD /* PBXContainerItemProxy */ = {
			isa = PBXContainerItemProxy;
			containerPortal = 4062963F2913C26900CBB2FD /* Project object */;
			proxyType = 1;
			remoteGlobalIDString = 406296462913C26900CBB2FD;
			remoteInfo = Login;
		};
		406296682913C26B00CBB2FD /* PBXContainerItemProxy */ = {
			isa = PBXContainerItemProxy;
			containerPortal = 4062963F2913C26900CBB2FD /* Project object */;
			proxyType = 1;
			remoteGlobalIDString = 406296462913C26900CBB2FD;
			remoteInfo = Login;
		};
/* End PBXContainerItemProxy section */

/* Begin PBXFileReference section */
		406296472913C26900CBB2FD /* Login.app */ = {isa = PBXFileReference; explicitFileType = wrapper.application; includeInIndex = 0; path = Login.app; sourceTree = BUILT_PRODUCTS_DIR; };
		4062964A2913C26900CBB2FD /* AppDelegate.swift */ = {isa = PBXFileReference; lastKnownFileType = sourcecode.swift; path = AppDelegate.swift; sourceTree = "<group>"; };
		4062964C2913C26900CBB2FD /* SceneDelegate.swift */ = {isa = PBXFileReference; lastKnownFileType = sourcecode.swift; path = SceneDelegate.swift; sourceTree = "<group>"; };
		4062964E2913C26900CBB2FD /* ViewController.swift */ = {isa = PBXFileReference; lastKnownFileType = sourcecode.swift; path = ViewController.swift; sourceTree = "<group>"; };
		406296512913C26900CBB2FD /* Base */ = {isa = PBXFileReference; lastKnownFileType = file.storyboard; name = Base; path = Base.lproj/Main.storyboard; sourceTree = "<group>"; };
		406296532913C26B00CBB2FD /* Assets.xcassets */ = {isa = PBXFileReference; lastKnownFileType = folder.assetcatalog; path = Assets.xcassets; sourceTree = "<group>"; };
		406296562913C26B00CBB2FD /* Base */ = {isa = PBXFileReference; lastKnownFileType = file.storyboard; name = Base; path = Base.lproj/LaunchScreen.storyboard; sourceTree = "<group>"; };
		406296582913C26B00CBB2FD /* Info.plist */ = {isa = PBXFileReference; lastKnownFileType = text.plist.xml; path = Info.plist; sourceTree = "<group>"; };
		4062965D2913C26B00CBB2FD /* LoginTests.xctest */ = {isa = PBXFileReference; explicitFileType = wrapper.cfbundle; includeInIndex = 0; path = LoginTests.xctest; sourceTree = BUILT_PRODUCTS_DIR; };
		406296612913C26B00CBB2FD /* LoginTests.swift */ = {isa = PBXFileReference; lastKnownFileType = sourcecode.swift; path = LoginTests.swift; sourceTree = "<group>"; };
		406296672913C26B00CBB2FD /* LoginUITests.xctest */ = {isa = PBXFileReference; explicitFileType = wrapper.cfbundle; includeInIndex = 0; path = LoginUITests.xctest; sourceTree = BUILT_PRODUCTS_DIR; };
		4062966B2913C26B00CBB2FD /* LoginUITests.swift */ = {isa = PBXFileReference; lastKnownFileType = sourcecode.swift; path = LoginUITests.swift; sourceTree = "<group>"; };
		4062966D2913C26B00CBB2FD /* LoginUITestsLaunchTests.swift */ = {isa = PBXFileReference; lastKnownFileType = sourcecode.swift; path = LoginUITestsLaunchTests.swift; sourceTree = "<group>"; };
		4062967A2913CAAC00CBB2FD /* homepage.swift */ = {isa = PBXFileReference; lastKnownFileType = sourcecode.swift; path = homepage.swift; sourceTree = "<group>"; };
/* End PBXFileReference section */

/* Begin PBXFrameworksBuildPhase section */
		406296442913C26900CBB2FD /* Frameworks */ = {
			isa = PBXFrameworksBuildPhase;
			buildActionMask = 2147483647;
			files = (
			);
			runOnlyForDeploymentPostprocessing = 0;
		};
		4062965A2913C26B00CBB2FD /* Frameworks */ = {
			isa = PBXFrameworksBuildPhase;
			buildActionMask = 2147483647;
			files = (
			);
			runOnlyForDeploymentPostprocessing = 0;
		};
		406296642913C26B00CBB2FD /* Frameworks */ = {
			isa = PBXFrameworksBuildPhase;
			buildActionMask = 2147483647;
			files = (
			);
			runOnlyForDeploymentPostprocessing = 0;
		};
/* End PBXFrameworksBuildPhase section */

/* Begin PBXGroup section */
		4062963E2913C26900CBB2FD = {
			isa = PBXGroup;
			children = (
				406296492913C26900CBB2FD /* Login */,
				406296602913C26B00CBB2FD /* LoginTests */,
				4062966A2913C26B00CBB2FD /* LoginUITests */,
				406296482913C26900CBB2FD /* Products */,
			);
			sourceTree = "<group>";
		};
		406296482913C26900CBB2FD /* Products */ = {
			isa = PBXGroup;
			children = (
				406296472913C26900CBB2FD /* Login.app */,
				4062965D2913C26B00CBB2FD /* LoginTests.xctest */,
				406296672913C26B00CBB2FD /* LoginUITests.xctest */,
			);
			name = Products;
			sourceTree = "<group>";
		};
		406296492913C26900CBB2FD /* Login */ = {
			isa = PBXGroup;
			children = (
				4062964A2913C26900CBB2FD /* AppDelegate.swift */,
				4062964C2913C26900CBB2FD /* SceneDelegate.swift */,
				4062964E2913C26900CBB2FD /* ViewController.swift */,
				406296502913C26900CBB2FD /* Main.storyboard */,
				4062967A2913CAAC00CBB2FD /* homepage.swift */,
				406296532913C26B00CBB2FD /* Assets.xcassets */,
				406296552913C26B00CBB2FD /* LaunchScreen.storyboard */,
				406296582913C26B00CBB2FD /* Info.plist */,
			);
			path = Login;
			sourceTree = "<group>";
		};
		406296602913C26B00CBB2FD /* LoginTests */ = {
			isa = PBXGroup;
			children = (
				406296612913C26B00CBB2FD /* LoginTests.swift */,
			);
			path = LoginTests;
			sourceTree = "<group>";
		};
		4062966A2913C26B00CBB2FD /* LoginUITests */ = {
			isa = PBXGroup;
			children = (
				4062966B2913C26B00CBB2FD /* LoginUITests.swift */,
				4062966D2913C26B00CBB2FD /* LoginUITestsLaunchTests.swift */,
			);
			path = LoginUITests;
			sourceTree = "<group>";
		};
/* End PBXGroup section */

/* Begin PBXNativeTarget section */
		406296462913C26900CBB2FD /* Login */ = {
			isa = PBXNativeTarget;
			buildConfigurationList = 406296712913C26B00CBB2FD /* Build configuration list for PBXNativeTarget "Login" */;
			buildPhases = (
				406296432913C26900CBB2FD /* Sources */,
				406296442913C26900CBB2FD /* Frameworks */,
				406296452913C26900CBB2FD /* Resources */,
			);
			buildRules = (
			);
			dependencies = (
			);
			name = Login;
			productName = Login;
			productReference = 406296472913C26900CBB2FD /* Login.app */;
			productType = "com.apple.product-type.application";
		};
		4062965C2913C26B00CBB2FD /* LoginTests */ = {
			isa = PBXNativeTarget;
			buildConfigurationList = 406296742913C26B00CBB2FD /* Build configuration list for PBXNativeTarget "LoginTests" */;
			buildPhases = (
				406296592913C26B00CBB2FD /* Sources */,
				4062965A2913C26B00CBB2FD /* Frameworks */,
				4062965B2913C26B00CBB2FD /* Resources */,
			);
			buildRules = (
			);
			dependencies = (
				4062965F2913C26B00CBB2FD /* PBXTargetDependency */,
			);
			name = LoginTests;
			productName = LoginTests;
			productReference = 4062965D2913C26B00CBB2FD /* LoginTests.xctest */;
			productType = "com.apple.product-type.bundle.unit-test";
		};
		406296662913C26B00CBB2FD /* LoginUITests */ = {
			isa = PBXNativeTarget;
			buildConfigurationList = 406296772913C26B00CBB2FD /* Build configuration list for PBXNativeTarget "LoginUITests" */;
			buildPhases = (
				406296632913C26B00CBB2FD /* Sources */,
				406296642913C26B00CBB2FD /* Frameworks */,
				406296652913C26B00CBB2FD /* Resources */,
			);
			buildRules = (
			);
			dependencies = (
				406296692913C26B00CBB2FD /* PBXTargetDependency */,
			);
			name = LoginUITests;
			productName = LoginUITests;
			productReference = 406296672913C26B00CBB2FD /* LoginUITests.xctest */;
			productType = "com.apple.product-type.bundle.ui-testing";
		};
/* End PBXNativeTarget section */

/* Begin PBXProject section */
		4062963F2913C26900CBB2FD /* Project object */ = {
			isa = PBXProject;
			attributes = {
				BuildIndependentTargetsInParallel = 1;
				LastSwiftUpdateCheck = 1410;
				LastUpgradeCheck = 1410;
				TargetAttributes = {
					406296462913C26900CBB2FD = {
						CreatedOnToolsVersion = 14.1;
					};
					4062965C2913C26B00CBB2FD = {
						CreatedOnToolsVersion = 14.1;
						TestTargetID = 406296462913C26900CBB2FD;
					};
					406296662913C26B00CBB2FD = {
						CreatedOnToolsVersion = 14.1;
						TestTargetID = 406296462913C26900CBB2FD;
					};
				};
			};
			buildConfigurationList = 406296422913C26900CBB2FD /* Build configuration list for PBXProject "Login" */;
			compatibilityVersion = "Xcode 14.0";
			developmentRegion = en;
			hasScannedForEncodings = 0;
			knownRegions = (
				en,
				Base,
			);
			mainGroup = 4062963E2913C26900CBB2FD;
			productRefGroup = 406296482913C26900CBB2FD /* Products */;
			projectDirPath = "";
			projectRoot = "";
			targets = (
				406296462913C26900CBB2FD /* Login */,
				4062965C2913C26B00CBB2FD /* LoginTests */,
				406296662913C26B00CBB2FD /* LoginUITests */,
			);
		};
/* End PBXProject section */

/* Begin PBXResourcesBuildPhase section */
		406296452913C26900CBB2FD /* Resources */ = {
			isa = PBXResourcesBuildPhase;
			buildActionMask = 2147483647;
			files = (
				406296572913C26B00CBB2FD /* LaunchScreen.storyboard in Resources */,
				406296542913C26B00CBB2FD /* Assets.xcassets in Resources */,
				406296522913C26900CBB2FD /* Main.storyboard in Resources */,
			);
			runOnlyForDeploymentPostprocessing = 0;
		};
		4062965B2913C26B00CBB2FD /* Resources */ = {
			isa = PBXResourcesBuildPhase;
			buildActionMask = 2147483647;
			files = (
			);
			runOnlyForDeploymentPostprocessing = 0;
		};
		406296652913C26B00CBB2FD /* Resources */ = {
			isa = PBXResourcesBuildPhase;
			buildActionMask = 2147483647;
			files = (
			);
			runOnlyForDeploymentPostprocessing = 0;
		};
/* End PBXResourcesBuildPhase section */

/* Begin PBXSourcesBuildPhase section */
		406296432913C26900CBB2FD /* Sources */ = {
			isa = PBXSourcesBuildPhase;
			buildActionMask = 2147483647;
			files = (
				4062964F2913C26900CBB2FD /* ViewController.swift in Sources */,
				4062964B2913C26900CBB2FD /* AppDelegate.swift in Sources */,
				4062964D2913C26900CBB2FD /* SceneDelegate.swift in Sources */,
				4062967B2913CAAC00CBB2FD /* homepage.swift in Sources */,
			);
			runOnlyForDeploymentPostprocessing = 0;
		};
		406296592913C26B00CBB2FD /* Sources */ = {
			isa = PBXSourcesBuildPhase;
			buildActionMask = 2147483647;
			files = (
				406296622913C26B00CBB2FD /* LoginTests.swift in Sources */,
			);
			runOnlyForDeploymentPostprocessing = 0;
		};
		406296632913C26B00CBB2FD /* Sources */ = {
			isa = PBXSourcesBuildPhase;
			buildActionMask = 2147483647;
			files = (
				4062966E2913C26B00CBB2FD /* LoginUITestsLaunchTests.swift in Sources */,
				4062966C2913C26B00CBB2FD /* LoginUITests.swift in Sources */,
			);
			runOnlyForDeploymentPostprocessing = 0;
		};
/* End PBXSourcesBuildPhase section */

/* Begin PBXTargetDependency section */
		4062965F2913C26B00CBB2FD /* PBXTargetDependency */ = {
			isa = PBXTargetDependency;
			target = 406296462913C26900CBB2FD /* Login */;
			targetProxy = 4062965E2913C26B00CBB2FD /* PBXContainerItemProxy */;
		};
		406296692913C26B00CBB2FD /* PBXTargetDependency */ = {
			isa = PBXTargetDependency;
			target = 406296462913C26900CBB2FD /* Login */;
			targetProxy = 406296682913C26B00CBB2FD /* PBXContainerItemProxy */;
		};
/* End PBXTargetDependency section */

/* Begin PBXVariantGroup section */
		406296502913C26900CBB2FD /* Main.storyboard */ = {
			isa = PBXVariantGroup;
			children = (
				406296512913C26900CBB2FD /* Base */,
			);
			name = Main.storyboard;
			sourceTree = "<group>";
		};
		406296552913C26B00CBB2FD /* LaunchScreen.storyboard */ = {
			isa = PBXVariantGroup;
			children = (
				406296562913C26B00CBB2FD /* Base */,
			);
			name = LaunchScreen.storyboard;
			sourceTree = "<group>";
		};
/* End PBXVariantGroup section */

/* Begin XCBuildConfiguration section */
		4062966F2913C26B00CBB2FD /* Debug */ = {
			isa = XCBuildConfiguration;
			buildSettings = {
				ALWAYS_SEARCH_USER_PATHS = NO;
				CLANG_ANALYZER_NONNULL = YES;
				CLANG_ANALYZER_NUMBER_OBJECT_CONVERSION = YES_AGGRESSIVE;
				CLANG_CXX_LANGUAGE_STANDARD = "gnu++20";
				CLANG_ENABLE_MODULES = YES;
				CLANG_ENABLE_OBJC_ARC = YES;
				CLANG_ENABLE_OBJC_WEAK = YES;
				CLANG_WARN_BLOCK_CAPTURE_AUTORELEASING = YES;
				CLANG_WARN_BOOL_CONVERSION = YES;
				CLANG_WARN_COMMA = YES;
				CLANG_WARN_CONSTANT_CONVERSION = YES;
				CLANG_WARN_DEPRECATED_OBJC_IMPLEMENTATIONS = YES;
				CLANG_WARN_DIRECT_OBJC_ISA_USAGE = YES_ERROR;
				CLANG_WARN_DOCUMENTATION_COMMENTS = YES;
				CLANG_WARN_EMPTY_BODY = YES;
				CLANG_WARN_ENUM_CONVERSION = YES;
				CLANG_WARN_INFINITE_RECURSION = YES;
				CLANG_WARN_INT_CONVERSION = YES;
				CLANG_WARN_NON_LITERAL_NULL_CONVERSION = YES;
				CLANG_WARN_OBJC_IMPLICIT_RETAIN_SELF = YES;
				CLANG_WARN_OBJC_LITERAL_CONVERSION = YES;
				CLANG_WARN_OBJC_ROOT_CLASS = YES_ERROR;
				CLANG_WARN_QUOTED_INCLUDE_IN_FRAMEWORK_HEADER = YES;
				CLANG_WARN_RANGE_LOOP_ANALYSIS = YES;
				CLANG_WARN_STRICT_PROTOTYPES = YES;
				CLANG_WARN_SUSPICIOUS_MOVE = YES;
				CLANG_WARN_UNGUARDED_AVAILABILITY = YES_AGGRESSIVE;
				CLANG_WARN_UNREACHABLE_CODE = YES;
				CLANG_WARN__DUPLICATE_METHOD_MATCH = YES;
				COPY_PHASE_STRIP = NO;
				DEBUG_INFORMATION_FORMAT = dwarf;
				ENABLE_STRICT_OBJC_MSGSEND = YES;
				ENABLE_TESTABILITY = YES;
				GCC_C_LANGUAGE_STANDARD = gnu11;
				GCC_DYNAMIC_NO_PIC = NO;
				GCC_NO_COMMON_BLOCKS = YES;
				GCC_OPTIMIZATION_LEVEL = 0;
				GCC_PREPROCESSOR_DEFINITIONS = (
					"DEBUG=1",
					"$(inherited)",
				);
				GCC_WARN_64_TO_32_BIT_CONVERSION = YES;
				GCC_WARN_ABOUT_RETURN_TYPE = YES_ERROR;
				GCC_WARN_UNDECLARED_SELECTOR = YES;
				GCC_WARN_UNINITIALIZED_AUTOS = YES_AGGRESSIVE;
				GCC_WARN_UNUSED_FUNCTION = YES;
				GCC_WARN_UNUSED_VARIABLE = YES;
				IPHONEOS_DEPLOYMENT_TARGET = 16.1;
				MTL_ENABLE_DEBUG_INFO = INCLUDE_SOURCE;
				MTL_FAST_MATH = YES;
				ONLY_ACTIVE_ARCH = YES;
				SDKROOT = iphoneos;
				SWIFT_ACTIVE_COMPILATION_CONDITIONS = DEBUG;
				SWIFT_OPTIMIZATION_LEVEL = "-Onone";
			};
			name = Debug;
		};
		406296702913C26B00CBB2FD /* Release */ = {
			isa = XCBuildConfiguration;
			buildSettings = {
				ALWAYS_SEARCH_USER_PATHS = NO;
				CLANG_ANALYZER_NONNULL = YES;
				CLANG_ANALYZER_NUMBER_OBJECT_CONVERSION = YES_AGGRESSIVE;
				CLANG_CXX_LANGUAGE_STANDARD = "gnu++20";
				CLANG_ENABLE_MODULES = YES;
				CLANG_ENABLE_OBJC_ARC = YES;
				CLANG_ENABLE_OBJC_WEAK = YES;
				CLANG_WARN_BLOCK_CAPTURE_AUTORELEASING = YES;
				CLANG_WARN_BOOL_CONVERSION = YES;
				CLANG_WARN_COMMA = YES;
				CLANG_WARN_CONSTANT_CONVERSION = YES;
				CLANG_WARN_DEPRECATED_OBJC_IMPLEMENTATIONS = YES;
				CLANG_WARN_DIRECT_OBJC_ISA_USAGE = YES_ERROR;
				CLANG_WARN_DOCUMENTATION_COMMENTS = YES;
				CLANG_WARN_EMPTY_BODY = YES;
				CLANG_WARN_ENUM_CONVERSION = YES;
				CLANG_WARN_INFINITE_RECURSION = YES;
				CLANG_WARN_INT_CONVERSION = YES;
				CLANG_WARN_NON_LITERAL_NULL_CONVERSION = YES;
				CLANG_WARN_OBJC_IMPLICIT_RETAIN_SELF = YES;
				CLANG_WARN_OBJC_LITERAL_CONVERSION = YES;
				CLANG_WARN_OBJC_ROOT_CLASS = YES_ERROR;
				CLANG_WARN_QUOTED_INCLUDE_IN_FRAMEWORK_HEADER = YES;
				CLANG_WARN_RANGE_LOOP_ANALYSIS = YES;
				CLANG_WARN_STRICT_PROTOTYPES = YES;
				CLANG_WARN_SUSPICIOUS_MOVE = YES;
				CLANG_WARN_UNGUARDED_AVAILABILITY = YES_AGGRESSIVE;
				CLANG_WARN_UNREACHABLE_CODE = YES;
				CLANG_WARN__DUPLICATE_METHOD_MATCH = YES;
				COPY_PHASE_STRIP = NO;
				DEBUG_INFORMATION_FORMAT = "dwarf-with-dsym";
				ENABLE_NS_ASSERTIONS = NO;
				ENABLE_STRICT_OBJC_MSGSEND = YES;
				GCC_C_LANGUAGE_STANDARD = gnu11;
				GCC_NO_COMMON_BLOCKS = YES;
				GCC_WARN_64_TO_32_BIT_CONVERSION = YES;
				GCC_WARN_ABOUT_RETURN_TYPE = YES_ERROR;
				GCC_WARN_UNDECLARED_SELECTOR = YES;
				GCC_WARN_UNINITIALIZED_AUTOS = YES_AGGRESSIVE;
				GCC_WARN_UNUSED_FUNCTION = YES;
				GCC_WARN_UNUSED_VARIABLE = YES;
				IPHONEOS_DEPLOYMENT_TARGET = 16.1;
				MTL_ENABLE_DEBUG_INFO = NO;
				MTL_FAST_MATH = YES;
				SDKROOT = iphoneos;
				SWIFT_COMPILATION_MODE = wholemodule;
				SWIFT_OPTIMIZATION_LEVEL = "-O";
				VALIDATE_PRODUCT = YES;
			};
			name = Release;
		};
		406296722913C26B00CBB2FD /* Debug */ = {
			isa = XCBuildConfiguration;
			buildSettings = {
				ASSETCATALOG_COMPILER_APPICON_NAME = AppIcon;
				ASSETCATALOG_COMPILER_GLOBAL_ACCENT_COLOR_NAME = AccentColor;
				CODE_SIGN_STYLE = Automatic;
				CURRENT_PROJECT_VERSION = 1;
				GENERATE_INFOPLIST_FILE = YES;
				INFOPLIST_FILE = Login/Info.plist;
				INFOPLIST_KEY_UIApplicationSupportsIndirectInputEvents = YES;
				INFOPLIST_KEY_UILaunchStoryboardName = LaunchScreen;
				INFOPLIST_KEY_UIMainStoryboardFile = Main;
				INFOPLIST_KEY_UISupportedInterfaceOrientations_iPad = "UIInterfaceOrientationPortrait UIInterfaceOrientationPortraitUpsideDown UIInterfaceOrientationLandscapeLeft UIInterfaceOrientationLandscapeRight";
				INFOPLIST_KEY_UISupportedInterfaceOrientations_iPhone = "UIInterfaceOrientationPortrait UIInterfaceOrientationLandscapeLeft UIInterfaceOrientationLandscapeRight";
				LD_RUNPATH_SEARCH_PATHS = (
					"$(inherited)",
					"@executable_path/Frameworks",
				);
				MARKETING_VERSION = 1.0;
				PRODUCT_BUNDLE_IDENTIFIER = com.kuet.Login;
				PRODUCT_NAME = "$(TARGET_NAME)";
				SWIFT_EMIT_LOC_STRINGS = YES;
				SWIFT_VERSION = 5.0;
				TARGETED_DEVICE_FAMILY = "1,2";
			};
			name = Debug;
		};
		406296732913C26B00CBB2FD /* Release */ = {
			isa = XCBuildConfiguration;
			buildSettings = {
				ASSETCATALOG_COMPILER_APPICON_NAME = AppIcon;
				ASSETCATALOG_COMPILER_GLOBAL_ACCENT_COLOR_NAME = AccentColor;
				CODE_SIGN_STYLE = Automatic;
				CURRENT_PROJECT_VERSION = 1;
				GENERATE_INFOPLIST_FILE = YES;
				INFOPLIST_FILE = Login/Info.plist;
				INFOPLIST_KEY_UIApplicationSupportsIndirectInputEvents = YES;
				INFOPLIST_KEY_UILaunchStoryboardName = LaunchScreen;
				INFOPLIST_KEY_UIMainStoryboardFile = Main;
				INFOPLIST_KEY_UISupportedInterfaceOrientations_iPad = "UIInterfaceOrientationPortrait UIInterfaceOrientationPortraitUpsideDown UIInterfaceOrientationLandscapeLeft UIInterfaceOrientationLandscapeRight";
				INFOPLIST_KEY_UISupportedInterfaceOrientations_iPhone = "UIInterfaceOrientationPortrait UIInterfaceOrientationLandscapeLeft UIInterfaceOrientationLandscapeRight";
				LD_RUNPATH_SEARCH_PATHS = (
					"$(inherited)",
					"@executable_path/Frameworks",
				);
				MARKETING_VERSION = 1.0;
				PRODUCT_BUNDLE_IDENTIFIER = com.kuet.Login;
				PRODUCT_NAME = "$(TARGET_NAME)";
				SWIFT_EMIT_LOC_STRINGS = YES;
				SWIFT_VERSION = 5.0;
				TARGETED_DEVICE_FAMILY = "1,2";
			};
			name = Release;
		};
		406296752913C26B00CBB2FD /* Debug */ = {
			isa = XCBuildConfiguration;
			buildSettings = {
				ALWAYS_EMBED_SWIFT_STANDARD_LIBRARIES = YES;
				BUNDLE_LOADER = "$(TEST_HOST)";
				CODE_SIGN_STYLE = Automatic;
				CURRENT_PROJECT_VERSION = 1;
				GENERATE_INFOPLIST_FILE = YES;
				IPHONEOS_DEPLOYMENT_TARGET = 16.1;
				MARKETING_VERSION = 1.0;
				PRODUCT_BUNDLE_IDENTIFIER = com.kuet.LoginTests;
				PRODUCT_NAME = "$(TARGET_NAME)";
				SWIFT_EMIT_LOC_STRINGS = NO;
				SWIFT_VERSION = 5.0;
				TARGETED_DEVICE_FAMILY = "1,2";
				TEST_HOST = "$(BUILT_PRODUCTS_DIR)/Login.app/$(BUNDLE_EXECUTABLE_FOLDER_PATH)/Login";
			};
			name = Debug;
		};
		406296762913C26B00CBB2FD /* Release */ = {
			isa = XCBuildConfiguration;
			buildSettings = {
				ALWAYS_EMBED_SWIFT_STANDARD_LIBRARIES = YES;
				BUNDLE_LOADER = "$(TEST_HOST)";
				CODE_SIGN_STYLE = Automatic;
				CURRENT_PROJECT_VERSION = 1;
				GENERATE_INFOPLIST_FILE = YES;
				IPHONEOS_DEPLOYMENT_TARGET = 16.1;
				MARKETING_VERSION = 1.0;
				PRODUCT_BUNDLE_IDENTIFIER = com.kuet.LoginTests;
				PRODUCT_NAME = "$(TARGET_NAME)";
				SWIFT_EMIT_LOC_STRINGS = NO;
				SWIFT_VERSION = 5.0;
				TARGETED_DEVICE_FAMILY = "1,2";
				TEST_HOST = "$(BUILT_PRODUCTS_DIR)/Login.app/$(BUNDLE_EXECUTABLE_FOLDER_PATH)/Login";
			};
			name = Release;
		};
		406296782913C26B00CBB2FD /* Debug */ = {
			isa = XCBuildConfiguration;
			buildSettings = {
				ALWAYS_EMBED_SWIFT_STANDARD_LIBRARIES = YES;
				CODE_SIGN_STYLE = Automatic;
				CURRENT_PROJECT_VERSION = 1;
				GENERATE_INFOPLIST_FILE = YES;
				MARKETING_VERSION = 1.0;
				PRODUCT_BUNDLE_IDENTIFIER = com.kuet.LoginUITests;
				PRODUCT_NAME = "$(TARGET_NAME)";
				SWIFT_EMIT_LOC_STRINGS = NO;
				SWIFT_VERSION = 5.0;
				TARGETED_DEVICE_FAMILY = "1,2";
				TEST_TARGET_NAME = Login;
			};
			name = Debug;
		};
		406296792913C26B00CBB2FD /* Release */ = {
			isa = XCBuildConfiguration;
			buildSettings = {
				ALWAYS_EMBED_SWIFT_STANDARD_LIBRARIES = YES;
				CODE_SIGN_STYLE = Automatic;
				CURRENT_PROJECT_VERSION = 1;
				GENERATE_INFOPLIST_FILE = YES;
				MARKETING_VERSION = 1.0;
				PRODUCT_BUNDLE_IDENTIFIER = com.kuet.LoginUITests;
				PRODUCT_NAME = "$(TARGET_NAME)";
				SWIFT_EMIT_LOC_STRINGS = NO;
				SWIFT_VERSION = 5.0;
				TARGETED_DEVICE_FAMILY = "1,2";
				TEST_TARGET_NAME = Login;
			};
			name = Release;
		};
/* End XCBuildConfiguration section */

/* Begin XCConfigurationList section */
		406296422913C26900CBB2FD /* Build configuration list for PBXProject "Login" */ = {
			isa = XCConfigurationList;
			buildConfigurations = (
				4062966F2913C26B00CBB2FD /* Debug */,
				406296702913C26B00CBB2FD /* Release */,
			);
			defaultConfigurationIsVisible = 0;
			defaultConfigurationName = Release;
		};
		406296712913C26B00CBB2FD /* Build configuration list for PBXNativeTarget "Login" */ = {
			isa = XCConfigurationList;
			buildConfigurations = (
				406296722913C26B00CBB2FD /* Debug */,
				406296732913C26B00CBB2FD /* Release */,
			);
			defaultConfigurationIsVisible = 0;
			defaultConfigurationName = Release;
		};
		406296742913C26B00CBB2FD /* Build configuration list for PBXNativeTarget "LoginTests" */ = {
			isa = XCConfigurationList;
			buildConfigurations = (
				406296752913C26B00CBB2FD /* Debug */,
				406296762913C26B00CBB2FD /* Release */,
			);
			defaultConfigurationIsVisible = 0;
			defaultConfigurationName = Release;
		};
		406296772913C26B00CBB2FD /* Build configuration list for PBXNativeTarget "LoginUITests" */ = {
			isa = XCConfigurationList;
			buildConfigurations = (
				406296782913C26B00CBB2FD /* Debug */,
				406296792913C26B00CBB2FD /* Release */,
			);
			defaultConfigurationIsVisible = 0;
			defaultConfigurationName = Release;
		};
/* End XCConfigurationList section */
	};
	rootObject = 4062963F2913C26900CBB2FD /* Project object */;
}
